
Microsoft Visual Studio Solution File, Format Version 12.00
# Visual Studio Version 17
VisualStudioVersion = 17.8.34601.278
MinimumVisualStudioVersion = 10.0.40219.1
Project("{FAE04EC0-301F-11D3-BF4B-00C04F79EFBC}") = "Data", "Data\Data.csproj", "{1B92B74F-8377-4368-92CE-7DDEBC659F19}"
EndProject
Project("{FAE04EC0-301F-11D3-BF4B-00C04F79EFBC}") = "TestProject", "TestProject\TestProject.csproj", "{D7125008-1FD0-4EAC-B158-828C4A20C172}"
EndProject
Global
	GlobalSection(SolutionConfigurationPlatforms) = preSolution
		Debug|Any CPU = Debug|Any CPU
		Release|Any CPU = Release|Any CPU
	EndGlobalSection
	GlobalSection(ProjectConfigurationPlatforms) = postSolution
		{1B92B74F-8377-4368-92CE-7DDEBC659F19}.Debug|Any CPU.ActiveCfg = Debug|Any CPU
		{1B92B74F-8377-4368-92CE-7DDEBC659F19}.Debug|Any CPU.Build.0 = Debug|Any CPU
		{1B92B74F-8377-4368-92CE-7DDEBC659F19}.Release|Any CPU.ActiveCfg = Release|Any CPU
		{1B92B74F-8377-4368-92CE-7DDEBC659F19}.Release|Any CPU.Build.0 = Release|Any CPU
		{D7125008-1FD0-4EAC-B158-828C4A20C172}.Debug|Any CPU.ActiveCfg = Debug|Any CPU
		{D7125008-1FD0-4EAC-B158-828C4A20C172}.Debug|Any CPU.Build.0 = Debug|Any CPU
		{D7125008-1FD0-4EAC-B158-828C4A20C172}.Release|Any CPU.ActiveCfg = Release|Any CPU
		{D7125008-1FD0-4EAC-B158-828C4A20C172}.Release|Any CPU.Build.0 = Release|Any CPU
	EndGlobalSection
	GlobalSection(SolutionProperties) = preSolution
		HideSolutionNode = FALSE
	EndGlobalSection
	GlobalSection(ExtensibilityGlobals) = postSolution
		SolutionGuid = {B9519B72-21E1-4EF6-B717-40289F405244}
	EndGlobalSection
EndGlobal
